
Microsoft Visual Studio Solution File, Format Version 12.00
# Visual Studio Version 16
VisualStudioVersion = 16.0.29306.81
MinimumVisualStudioVersion = 10.0.40219.1
Project("{FAE04EC0-301F-11D3-BF4B-00C04F79EFBC}") = "HOmework_7", "HOmework_7\HOmework_7.csproj", "{EDCDF160-0657-4539-8846-51AA66408604}"
EndProject
Global
	GlobalSection(SolutionConfigurationPlatforms) = preSolution
		Debug|Any CPU = Debug|Any CPU
		Release|Any CPU = Release|Any CPU
	EndGlobalSection
	GlobalSection(ProjectConfigurationPlatforms) = postSolution
		{EDCDF160-0657-4539-8846-51AA66408604}.Debug|Any CPU.ActiveCfg = Debug|Any CPU
		{EDCDF160-0657-4539-8846-51AA66408604}.Debug|Any CPU.Build.0 = Debug|Any CPU
		{EDCDF160-0657-4539-8846-51AA66408604}.Release|Any CPU.ActiveCfg = Release|Any CPU
		{EDCDF160-0657-4539-8846-51AA66408604}.Release|Any CPU.Build.0 = Release|Any CPU
	EndGlobalSection
	GlobalSection(SolutionProperties) = preSolution
		HideSolutionNode = FALSE
	EndGlobalSection
	GlobalSection(ExtensibilityGlobals) = postSolution
		SolutionGuid = {EBF8BF63-0C96-46CC-B755-C79C7E053A08}
	EndGlobalSection
EndGlobal
